
Microsoft Visual Studio Solution File, Format Version 12.00
# Visual Studio 2013
VisualStudioVersion = 12.0.31101.0
MinimumVisualStudioVersion = 10.0.40219.1
Project("{FAE04EC0-301F-11D3-BF4B-00C04F79EFBC}") = "Zad1", "Zad1\Zad1.csproj", "{50ABECA3-0927-4F7D-B487-03E156443256}"
EndProject
Project("{FAE04EC0-301F-11D3-BF4B-00C04F79EFBC}") = "Zad2", "Zad2\Zad2.csproj", "{5CFDA35A-F440-479F-8C5E-4181AE89746F}"
EndProject
Project("{FAE04EC0-301F-11D3-BF4B-00C04F79EFBC}") = "Zad4", "Zad4\Zad4.csproj", "{127D1327-008C-4DEB-B3D8-2DDD87FA3E11}"
EndProject
Project("{FAE04EC0-301F-11D3-BF4B-00C04F79EFBC}") = "Zad5", "Zad5\Zad5.csproj", "{03C50F6A-9308-467E-B314-E674D952761F}"
EndProject
Project("{FAE04EC0-301F-11D3-BF4B-00C04F79EFBC}") = "Zad6", "Zad6\Zad6.csproj", "{7A575FBC-A2E5-4C82-89B2-C079AE509139}"
EndProject
Project("{FAE04EC0-301F-11D3-BF4B-00C04F79EFBC}") = "Zad3.1", "Zad3.1\Zad3.1.csproj", "{9B9DDC1A-A5C1-4214-B393-3D77002BFEE0}"
EndProject
Global
	GlobalSection(SolutionConfigurationPlatforms) = preSolution
		Debug|Any CPU = Debug|Any CPU
		Release|Any CPU = Release|Any CPU
	EndGlobalSection
	GlobalSection(ProjectConfigurationPlatforms) = postSolution
		{50ABECA3-0927-4F7D-B487-03E156443256}.Debug|Any CPU.ActiveCfg = Debug|Any CPU
		{50ABECA3-0927-4F7D-B487-03E156443256}.Debug|Any CPU.Build.0 = Debug|Any CPU
		{50ABECA3-0927-4F7D-B487-03E156443256}.Release|Any CPU.ActiveCfg = Release|Any CPU
		{50ABECA3-0927-4F7D-B487-03E156443256}.Release|Any CPU.Build.0 = Release|Any CPU
		{5CFDA35A-F440-479F-8C5E-4181AE89746F}.Debug|Any CPU.ActiveCfg = Debug|Any CPU
		{5CFDA35A-F440-479F-8C5E-4181AE89746F}.Debug|Any CPU.Build.0 = Debug|Any CPU
		{5CFDA35A-F440-479F-8C5E-4181AE89746F}.Release|Any CPU.ActiveCfg = Release|Any CPU
		{5CFDA35A-F440-479F-8C5E-4181AE89746F}.Release|Any CPU.Build.0 = Release|Any CPU
		{127D1327-008C-4DEB-B3D8-2DDD87FA3E11}.Debug|Any CPU.ActiveCfg = Debug|Any CPU
		{127D1327-008C-4DEB-B3D8-2DDD87FA3E11}.Debug|Any CPU.Build.0 = Debug|Any CPU
		{127D1327-008C-4DEB-B3D8-2DDD87FA3E11}.Release|Any CPU.ActiveCfg = Release|Any CPU
		{127D1327-008C-4DEB-B3D8-2DDD87FA3E11}.Release|Any CPU.Build.0 = Release|Any CPU
		{03C50F6A-9308-467E-B314-E674D952761F}.Debug|Any CPU.ActiveCfg = Debug|Any CPU
		{03C50F6A-9308-467E-B314-E674D952761F}.Debug|Any CPU.Build.0 = Debug|Any CPU
		{03C50F6A-9308-467E-B314-E674D952761F}.Release|Any CPU.ActiveCfg = Release|Any CPU
		{03C50F6A-9308-467E-B314-E674D952761F}.Release|Any CPU.Build.0 = Release|Any CPU
		{7A575FBC-A2E5-4C82-89B2-C079AE509139}.Debug|Any CPU.ActiveCfg = Debug|Any CPU
		{7A575FBC-A2E5-4C82-89B2-C079AE509139}.Debug|Any CPU.Build.0 = Debug|Any CPU
		{7A575FBC-A2E5-4C82-89B2-C079AE509139}.Release|Any CPU.ActiveCfg = Release|Any CPU
		{7A575FBC-A2E5-4C82-89B2-C079AE509139}.Release|Any CPU.Build.0 = Release|Any CPU
		{9B9DDC1A-A5C1-4214-B393-3D77002BFEE0}.Debug|Any CPU.ActiveCfg = Debug|Any CPU
		{9B9DDC1A-A5C1-4214-B393-3D77002BFEE0}.Debug|Any CPU.Build.0 = Debug|Any CPU
		{9B9DDC1A-A5C1-4214-B393-3D77002BFEE0}.Release|Any CPU.ActiveCfg = Release|Any CPU
		{9B9DDC1A-A5C1-4214-B393-3D77002BFEE0}.Release|Any CPU.Build.0 = Release|Any CPU
	EndGlobalSection
	GlobalSection(SolutionProperties) = preSolution
		HideSolutionNode = FALSE
	EndGlobalSection
EndGlobal
