
Microsoft Visual Studio Solution File, Format Version 12.00
# Visual Studio 2013
VisualStudioVersion = 12.0.31101.0
MinimumVisualStudioVersion = 10.0.40219.1
Project("{FAE04EC0-301F-11D3-BF4B-00C04F79EFBC}") = "Zad1", "Zad1\Zad1.csproj", "{7E5B7A04-DAE2-4A77-AF9B-7DD91DD8BF32}"
EndProject
Project("{FAE04EC0-301F-11D3-BF4B-00C04F79EFBC}") = "Zad2", "Zad2\Zad2.csproj", "{21C162DF-8E0D-4F10-927F-BB181ED898C9}"
EndProject
Project("{FAE04EC0-301F-11D3-BF4B-00C04F79EFBC}") = "Zad3", "Zad3\Zad3.csproj", "{5F049832-E650-4603-AF8B-812D48084F0F}"
EndProject
Project("{FAE04EC0-301F-11D3-BF4B-00C04F79EFBC}") = "Zad4", "Zad4\Zad4.csproj", "{A0B66FC9-3504-4407-878E-81729670C80B}"
EndProject
Project("{FAE04EC0-301F-11D3-BF4B-00C04F79EFBC}") = "Zad5", "Zad5\Zad5.csproj", "{209E54A0-0FD4-4FB2-8615-3479DF71A13F}"
EndProject
Project("{FAE04EC0-301F-11D3-BF4B-00C04F79EFBC}") = "Zad6", "Zad6\Zad6.csproj", "{7B165ABF-685A-4D9D-8246-B4C85DC63630}"
EndProject
Project("{FAE04EC0-301F-11D3-BF4B-00C04F79EFBC}") = "Zad7", "Zad7\Zad7.csproj", "{CA6E1167-97C1-47A6-84A4-3961721351E2}"
EndProject
Global
	GlobalSection(SolutionConfigurationPlatforms) = preSolution
		Debug|Any CPU = Debug|Any CPU
		Release|Any CPU = Release|Any CPU
	EndGlobalSection
	GlobalSection(ProjectConfigurationPlatforms) = postSolution
		{7E5B7A04-DAE2-4A77-AF9B-7DD91DD8BF32}.Debug|Any CPU.ActiveCfg = Debug|Any CPU
		{7E5B7A04-DAE2-4A77-AF9B-7DD91DD8BF32}.Debug|Any CPU.Build.0 = Debug|Any CPU
		{7E5B7A04-DAE2-4A77-AF9B-7DD91DD8BF32}.Release|Any CPU.ActiveCfg = Release|Any CPU
		{7E5B7A04-DAE2-4A77-AF9B-7DD91DD8BF32}.Release|Any CPU.Build.0 = Release|Any CPU
		{21C162DF-8E0D-4F10-927F-BB181ED898C9}.Debug|Any CPU.ActiveCfg = Debug|Any CPU
		{21C162DF-8E0D-4F10-927F-BB181ED898C9}.Debug|Any CPU.Build.0 = Debug|Any CPU
		{21C162DF-8E0D-4F10-927F-BB181ED898C9}.Release|Any CPU.ActiveCfg = Release|Any CPU
		{21C162DF-8E0D-4F10-927F-BB181ED898C9}.Release|Any CPU.Build.0 = Release|Any CPU
		{5F049832-E650-4603-AF8B-812D48084F0F}.Debug|Any CPU.ActiveCfg = Debug|Any CPU
		{5F049832-E650-4603-AF8B-812D48084F0F}.Debug|Any CPU.Build.0 = Debug|Any CPU
		{5F049832-E650-4603-AF8B-812D48084F0F}.Release|Any CPU.ActiveCfg = Release|Any CPU
		{5F049832-E650-4603-AF8B-812D48084F0F}.Release|Any CPU.Build.0 = Release|Any CPU
		{A0B66FC9-3504-4407-878E-81729670C80B}.Debug|Any CPU.ActiveCfg = Debug|Any CPU
		{A0B66FC9-3504-4407-878E-81729670C80B}.Debug|Any CPU.Build.0 = Debug|Any CPU
		{A0B66FC9-3504-4407-878E-81729670C80B}.Release|Any CPU.ActiveCfg = Release|Any CPU
		{A0B66FC9-3504-4407-878E-81729670C80B}.Release|Any CPU.Build.0 = Release|Any CPU
		{209E54A0-0FD4-4FB2-8615-3479DF71A13F}.Debug|Any CPU.ActiveCfg = Debug|Any CPU
		{209E54A0-0FD4-4FB2-8615-3479DF71A13F}.Debug|Any CPU.Build.0 = Debug|Any CPU
		{209E54A0-0FD4-4FB2-8615-3479DF71A13F}.Release|Any CPU.ActiveCfg = Release|Any CPU
		{209E54A0-0FD4-4FB2-8615-3479DF71A13F}.Release|Any CPU.Build.0 = Release|Any CPU
		{7B165ABF-685A-4D9D-8246-B4C85DC63630}.Debug|Any CPU.ActiveCfg = Debug|Any CPU
		{7B165ABF-685A-4D9D-8246-B4C85DC63630}.Debug|Any CPU.Build.0 = Debug|Any CPU
		{7B165ABF-685A-4D9D-8246-B4C85DC63630}.Release|Any CPU.ActiveCfg = Release|Any CPU
		{7B165ABF-685A-4D9D-8246-B4C85DC63630}.Release|Any CPU.Build.0 = Release|Any CPU
		{CA6E1167-97C1-47A6-84A4-3961721351E2}.Debug|Any CPU.ActiveCfg = Debug|Any CPU
		{CA6E1167-97C1-47A6-84A4-3961721351E2}.Debug|Any CPU.Build.0 = Debug|Any CPU
		{CA6E1167-97C1-47A6-84A4-3961721351E2}.Release|Any CPU.ActiveCfg = Release|Any CPU
		{CA6E1167-97C1-47A6-84A4-3961721351E2}.Release|Any CPU.Build.0 = Release|Any CPU
	EndGlobalSection
	GlobalSection(SolutionProperties) = preSolution
		HideSolutionNode = FALSE
	EndGlobalSection
EndGlobal
